# This file is automatically @generated by Cargo.
# It is not intended for manual editing.
version = 3

[[package]]
name = "cc"
version = "1.0.68"
source = "registry+https://github.com/rust-lang/crates.io-index"
checksum = "4a72c244c1ff497a746a7e1fb3d14bd08420ecda70c8f25c7112f2781652d787"

[[package]]
name = "libc"
version = "0.2.97"
source = "registry+https://github.com/rust-lang/crates.io-index"
checksum = "12b8adadd720df158f4d70dfe7ccc6adb0472d7c55ca83445f6a5ab3e36f8fb6"

[[package]]
name = "miniquad"
version = "0.3.0-alpha.37"
source = "registry+https://github.com/rust-lang/crates.io-index"
checksum = "6793a3ef846953fc7c01302093abf8749be22742c63db05c66ef0a2c889a7fbb"
dependencies = [
 "sapp-android",
 "sapp-darwin",
 "sapp-dummy",
 "sapp-ios",
 "sapp-linux",
 "sapp-wasm",
 "sapp-windows",
]

[[package]]
name = "miniquad_ios_example"
version = "0.1.0"
dependencies = [
 "miniquad",
]

[[package]]
name = "ndk-sys"
version = "0.2.1"
source = "registry+https://github.com/rust-lang/crates.io-index"
checksum = "c44922cb3dbb1c70b5e5f443d63b64363a898564d739ba5198e3a9138442868d"

[[package]]
name = "sapp-android"
version = "0.1.8"
source = "registry+https://github.com/rust-lang/crates.io-index"
checksum = "5a4a81f462ba2783213978528560aa138adf2f94da1ac940c1b5c854c03e1724"
dependencies = [
 "libc",
 "ndk-sys",
]

[[package]]
name = "sapp-darwin"
version = "0.1.6"
source = "registry+https://github.com/rust-lang/crates.io-index"
checksum = "0310e2445f307468aa13f1cde94d6fba6b8fd329afbb642dedbe3faf1a145f31"
dependencies = [
 "cc",
]

[[package]]
name = "sapp-dummy"
version = "0.1.5"
source = "registry+https://github.com/rust-lang/crates.io-index"
checksum = "66f1ad26a5b6c682b9ca27c66db9aa91002b8d98a82ac7101ded57285215a478"
dependencies = [
 "libc",
]

[[package]]
name = "sapp-ios"
version = "0.1.2"
source = "registry+https://github.com/rust-lang/crates.io-index"
checksum = "081e6e5261c9ac2e938979b6a854a53b439f065fc3c897205ce7e69d3028b4a9"
dependencies = [
 "cc",
]

[[package]]
name = "sapp-linux"
version = "0.1.13"
source = "registry+https://github.com/rust-lang/crates.io-index"
checksum = "bbdb2f8011955c62544d9e626a58333e788810d00bd7411d52b81611b92af142"
dependencies = [
 "libc",
]

[[package]]
name = "sapp-wasm"
version = "0.1.26"
source = "registry+https://github.com/rust-lang/crates.io-index"
checksum = "00e859e8645a3bcb85aecd40bab883438e4105f21b21bccbeac2348760f508bb"

[[package]]
name = "sapp-windows"
version = "0.2.18"
source = "registry+https://github.com/rust-lang/crates.io-index"
checksum = "d8faec983cb54ce5e9529815fc0aae6c36bab9fba9cd0ae5590dfa17bc0719fa"
dependencies = [
 "winapi",
]

[[package]]
name = "winapi"
version = "0.3.9"
source = "registry+https://github.com/rust-lang/crates.io-index"
checksum = "5c839a674fcd7a98952e593242ea400abe93992746761e38641405d28b00f419"
dependencies = [
 "winapi-i686-pc-windows-gnu",
 "winapi-x86_64-pc-windows-gnu",
]

[[package]]
name = "winapi-i686-pc-windows-gnu"
version = "0.4.0"
source = "registry+https://github.com/rust-lang/crates.io-index"
checksum = "ac3b87c63620426dd9b991e5ce0329eff545bccbbb34f3be09ff6fb6ab51b7b6"

[[package]]
name = "winapi-x86_64-pc-windows-gnu"
version = "0.4.0"
source = "registry+https://github.com/rust-lang/crates.io-index"
checksum = "712e227841d057c1ee1cd2fb22fa7e5a5461ae8e48fa2ca79ec42cfc1931183f"
